
Microsoft Visual Studio Solution File, Format Version 12.00
# Visual Studio Version 16
VisualStudioVersion = 16.0.29503.13
MinimumVisualStudioVersion = 10.0.40219.1
Project("{FAE04EC0-301F-11D3-BF4B-00C04F79EFBC}") = "Jumbo_1", "Jumbo_1\Jumbo_1.csproj", "{666AB7D1-6851-4D37-A532-66BBFBB653A5}"
EndProject
Global
	GlobalSection(SolutionConfigurationPlatforms) = preSolution
		Debug|Any CPU = Debug|Any CPU
		Release|Any CPU = Release|Any CPU
	EndGlobalSection
	GlobalSection(ProjectConfigurationPlatforms) = postSolution
		{666AB7D1-6851-4D37-A532-66BBFBB653A5}.Debug|Any CPU.ActiveCfg = Debug|Any CPU
		{666AB7D1-6851-4D37-A532-66BBFBB653A5}.Debug|Any CPU.Build.0 = Debug|Any CPU
		{666AB7D1-6851-4D37-A532-66BBFBB653A5}.Release|Any CPU.ActiveCfg = Release|Any CPU
		{666AB7D1-6851-4D37-A532-66BBFBB653A5}.Release|Any CPU.Build.0 = Release|Any CPU
	EndGlobalSection
	GlobalSection(SolutionProperties) = preSolution
		HideSolutionNode = FALSE
	EndGlobalSection
	GlobalSection(ExtensibilityGlobals) = postSolution
		SolutionGuid = {3E2C0912-771F-40FF-A72D-25E7D7E372CA}
	EndGlobalSection
EndGlobal
